PATH
  remote: ../../../../src/ractor-pool
  specs:
    ractor-pool (0.1.2)
      atomic-ruby
      warning

GEM
  remote: https://rubygems.org/
  specs:
    atomic-ruby (0.7.2)
    concurrent-ruby (1.3.5)
    ractor-shim (0.1.0)
    warning (1.5.0)

PLATFORMS
  arm64-darwin-23
  ruby
  universal-java-21

DEPENDENCIES
  concurrent-ruby (~> 1.3)
  ractor-pool!
  ractor-shim (~> 0.1.0)

BUNDLED WITH
   2.5.22
